
Microsoft Visual Studio Solution File, Format Version 12.00
# Visual Studio 15
VisualStudioVersion = 15.0.27130.2036
MinimumVisualStudioVersion = 10.0.40219.1
Project("{FAE04EC0-301F-11D3-BF4B-00C04F79EFBC}") = "DeviceInfoExemplo.Android", "DeviceInfoExemplo\DeviceInfoExemplo.Android\DeviceInfoExemplo.Android.csproj", "{F26F02FA-B444-46D9-B601-806ABB911656}"
EndProject
Project("{FAE04EC0-301F-11D3-BF4B-00C04F79EFBC}") = "DeviceInfoExemplo.iOS", "DeviceInfoExemplo\DeviceInfoExemplo.iOS\DeviceInfoExemplo.iOS.csproj", "{21C10F58-3BA6-464B-A101-6A5A78B01310}"
EndProject
Project("{FAE04EC0-301F-11D3-BF4B-00C04F79EFBC}") = "DeviceInfoExemplo.UWP", "DeviceInfoExemplo\DeviceInfoExemplo.UWP\DeviceInfoExemplo.UWP.csproj", "{13953D12-C94D-49BF-B1F0-F339BB15CDFA}"
EndProject
Project("{FAE04EC0-301F-11D3-BF4B-00C04F79EFBC}") = "DeviceInfoExemplo", "DeviceInfoExemplo\DeviceInfoExemplo\DeviceInfoExemplo.csproj", "{3098EE62-14E3-4A63-8D0E-61D2C9B41E7E}"
EndProject
Global
	GlobalSection(SolutionConfigurationPlatforms) = preSolution
		Ad-Hoc|Any CPU = Ad-Hoc|Any CPU
		Ad-Hoc|ARM = Ad-Hoc|ARM
		Ad-Hoc|iPhone = Ad-Hoc|iPhone
		Ad-Hoc|iPhoneSimulator = Ad-Hoc|iPhoneSimulator
		Ad-Hoc|x64 = Ad-Hoc|x64
		Ad-Hoc|x86 = Ad-Hoc|x86
		AppStore|Any CPU = AppStore|Any CPU
		AppStore|ARM = AppStore|ARM
		AppStore|iPhone = AppStore|iPhone
		AppStore|iPhoneSimulator = AppStore|iPhoneSimulator
		AppStore|x64 = AppStore|x64
		AppStore|x86 = AppStore|x86
		Debug|Any CPU = Debug|Any CPU
		Debug|ARM = Debug|ARM
		Debug|iPhone = Debug|iPhone
		Debug|iPhoneSimulator = Debug|iPhoneSimulator
		Debug|x64 = Debug|x64
		Debug|x86 = Debug|x86
		Release|Any CPU = Release|Any CPU
		Release|ARM = Release|ARM
		Release|iPhone = Release|iPhone
		Release|iPhoneSimulator = Release|iPhoneSimulator
		Release|x64 = Release|x64
		Release|x86 = Release|x86
	EndGlobalSection
	GlobalSection(ProjectConfigurationPlatforms) = postSolution
		{F26F02FA-B444-46D9-B601-806ABB911656}.Ad-Hoc|Any CPU.ActiveCfg = Release|Any CPU
		{F26F02FA-B444-46D9-B601-806ABB911656}.Ad-Hoc|Any CPU.Build.0 = Release|Any CPU
		{F26F02FA-B444-46D9-B601-806ABB911656}.Ad-Hoc|Any CPU.Deploy.0 = Release|Any CPU
		{F26F02FA-B444-46D9-B601-806ABB911656}.Ad-Hoc|ARM.ActiveCfg = Release|Any CPU
		{F26F02FA-B444-46D9-B601-806ABB911656}.Ad-Hoc|ARM.Build.0 = Release|Any CPU
		{F26F02FA-B444-46D9-B601-806ABB911656}.Ad-Hoc|ARM.Deploy.0 = Release|Any CPU
		{F26F02FA-B444-46D9-B601-806ABB911656}.Ad-Hoc|iPhone.ActiveCfg = Release|Any CPU
		{F26F02FA-B444-46D9-B601-806ABB911656}.Ad-Hoc|iPhone.Build.0 = Release|Any CPU
		{F26F02FA-B444-46D9-B601-806ABB911656}.Ad-Hoc|iPhone.Deploy.0 = Release|Any CPU
		{F26F02FA-B444-46D9-B601-806ABB911656}.Ad-Hoc|iPhoneSimulator.ActiveCfg = Release|Any CPU
		{F26F02FA-B444-46D9-B601-806ABB911656}.Ad-Hoc|iPhoneSimulator.Build.0 = Release|Any CPU
		{F26F02FA-B444-46D9-B601-806ABB911656}.Ad-Hoc|iPhoneSimulator.Deploy.0 = Release|Any CPU
		{F26F02FA-B444-46D9-B601-806ABB911656}.Ad-Hoc|x64.ActiveCfg = Release|Any CPU
		{F26F02FA-B444-46D9-B601-806ABB911656}.Ad-Hoc|x64.Build.0 = Release|Any CPU
		{F26F02FA-B444-46D9-B601-806ABB911656}.Ad-Hoc|x64.Deploy.0 = Release|Any CPU
		{F26F02FA-B444-46D9-B601-806ABB911656}.Ad-Hoc|x86.ActiveCfg = Release|Any CPU
		{F26F02FA-B444-46D9-B601-806ABB911656}.Ad-Hoc|x86.Build.0 = Release|Any CPU
		{F26F02FA-B444-46D9-B601-806ABB911656}.Ad-Hoc|x86.Deploy.0 = Release|Any CPU
		{F26F02FA-B444-46D9-B601-806ABB911656}.AppStore|Any CPU.ActiveCfg = Release|Any CPU
		{F26F02FA-B444-46D9-B601-806ABB911656}.AppStore|Any CPU.Build.0 = Release|Any CPU
		{F26F02FA-B444-46D9-B601-806ABB911656}.AppStore|Any CPU.Deploy.0 = Release|Any CPU
		{F26F02FA-B444-46D9-B601-806ABB911656}.AppStore|ARM.ActiveCfg = Release|Any CPU
		{F26F02FA-B444-46D9-B601-806ABB911656}.AppStore|ARM.Build.0 = Release|Any CPU
		{F26F02FA-B444-46D9-B601-806ABB911656}.AppStore|ARM.Deploy.0 = Release|Any CPU
		{F26F02FA-B444-46D9-B601-806ABB911656}.AppStore|iPhone.ActiveCfg = Release|Any CPU
		{F26F02FA-B444-46D9-B601-806ABB911656}.AppStore|iPhone.Build.0 = Release|Any CPU
		{F26F02FA-B444-46D9-B601-806ABB911656}.AppStore|iPhone.Deploy.0 = Release|Any CPU
		{F26F02FA-B444-46D9-B601-806ABB911656}.AppStore|iPhoneSimulator.ActiveCfg = Release|Any CPU
		{F26F02FA-B444-46D9-B601-806ABB911656}.AppStore|iPhoneSimulator.Build.0 = Release|Any CPU
		{F26F02FA-B444-46D9-B601-806ABB911656}.AppStore|iPhoneSimulator.Deploy.0 = Release|Any CPU
		{F26F02FA-B444-46D9-B601-806ABB911656}.AppStore|x64.ActiveCfg = Release|Any CPU
		{F26F02FA-B444-46D9-B601-806ABB911656}.AppStore|x64.Build.0 = Release|Any CPU
		{F26F02FA-B444-46D9-B601-806ABB911656}.AppStore|x64.Deploy.0 = Release|Any CPU
		{F26F02FA-B444-46D9-B601-806ABB911656}.AppStore|x86.ActiveCfg = Release|Any CPU
		{F26F02FA-B444-46D9-B601-806ABB911656}.AppStore|x86.Build.0 = Release|Any CPU
		{F26F02FA-B444-46D9-B601-806ABB911656}.AppStore|x86.Deploy.0 = Release|Any CPU
		{F26F02FA-B444-46D9-B601-806ABB911656}.Debug|Any CPU.ActiveCfg = Debug|Any CPU
		{F26F02FA-B444-46D9-B601-806ABB911656}.Debug|Any CPU.Build.0 = Debug|Any CPU
		{F26F02FA-B444-46D9-B601-806ABB911656}.Debug|Any CPU.Deploy.0 = Debug|Any CPU
		{F26F02FA-B444-46D9-B601-806ABB911656}.Debug|ARM.ActiveCfg = Debug|Any CPU
		{F26F02FA-B444-46D9-B601-806ABB911656}.Debug|ARM.Build.0 = Debug|Any CPU
		{F26F02FA-B444-46D9-B601-806ABB911656}.Debug|ARM.Deploy.0 = Debug|Any CPU
		{F26F02FA-B444-46D9-B601-806ABB911656}.Debug|iPhone.ActiveCfg = Debug|Any CPU
		{F26F02FA-B444-46D9-B601-806ABB911656}.Debug|iPhone.Build.0 = Debug|Any CPU
		{F26F02FA-B444-46D9-B601-806ABB911656}.Debug|iPhone.Deploy.0 = Debug|Any CPU
		{F26F02FA-B444-46D9-B601-806ABB911656}.Debug|iPhoneSimulator.ActiveCfg = Debug|Any CPU
		{F26F02FA-B444-46D9-B601-806ABB911656}.Debug|iPhoneSimulator.Build.0 = Debug|Any CPU
		{F26F02FA-B444-46D9-B601-806ABB911656}.Debug|iPhoneSimulator.Deploy.0 = Debug|Any CPU
		{F26F02FA-B444-46D9-B601-806ABB911656}.Debug|x64.ActiveCfg = Debug|Any CPU
		{F26F02FA-B444-46D9-B601-806ABB911656}.Debug|x64.Build.0 = Debug|Any CPU
		{F26F02FA-B444-46D9-B601-806ABB911656}.Debug|x64.Deploy.0 = Debug|Any CPU
		{F26F02FA-B444-46D9-B601-806ABB911656}.Debug|x86.ActiveCfg = Debug|Any CPU
		{F26F02FA-B444-46D9-B601-806ABB911656}.Debug|x86.Build.0 = Debug|Any CPU
		{F26F02FA-B444-46D9-B601-806ABB911656}.Debug|x86.Deploy.0 = Debug|Any CPU
		{F26F02FA-B444-46D9-B601-806ABB911656}.Release|Any CPU.ActiveCfg = Release|Any CPU
		{F26F02FA-B444-46D9-B601-806ABB911656}.Release|Any CPU.Build.0 = Release|Any CPU
		{F26F02FA-B444-46D9-B601-806ABB911656}.Release|Any CPU.Deploy.0 = Release|Any CPU
		{F26F02FA-B444-46D9-B601-806ABB911656}.Release|ARM.ActiveCfg = Release|Any CPU
		{F26F02FA-B444-46D9-B601-806ABB911656}.Release|ARM.Build.0 = Release|Any CPU
		{F26F02FA-B444-46D9-B601-806ABB911656}.Release|ARM.Deploy.0 = Release|Any CPU
		{F26F02FA-B444-46D9-B601-806ABB911656}.Release|iPhone.ActiveCfg = Release|Any CPU
		{F26F02FA-B444-46D9-B601-806ABB911656}.Release|iPhone.Build.0 = Release|Any CPU
		{F26F02FA-B444-46D9-B601-806ABB911656}.Release|iPhone.Deploy.0 = Release|Any CPU
		{F26F02FA-B444-46D9-B601-806ABB911656}.Release|iPhoneSimulator.ActiveCfg = Release|Any CPU
		{F26F02FA-B444-46D9-B601-806ABB911656}.Release|iPhoneSimulator.Build.0 = Release|Any CPU
		{F26F02FA-B444-46D9-B601-806ABB911656}.Release|iPhoneSimulator.Deploy.0 = Release|Any CPU
		{F26F02FA-B444-46D9-B601-806ABB911656}.Release|x64.ActiveCfg = Release|Any CPU
		{F26F02FA-B444-46D9-B601-806ABB911656}.Release|x64.Build.0 = Release|Any CPU
		{F26F02FA-B444-46D9-B601-806ABB911656}.Release|x64.Deploy.0 = Release|Any CPU
		{F26F02FA-B444-46D9-B601-806ABB911656}.Release|x86.ActiveCfg = Release|Any CPU
		{F26F02FA-B444-46D9-B601-806ABB911656}.Release|x86.Build.0 = Release|Any CPU
		{F26F02FA-B444-46D9-B601-806ABB911656}.Release|x86.Deploy.0 = Release|Any CPU
		{21C10F58-3BA6-464B-A101-6A5A78B01310}.Ad-Hoc|Any CPU.ActiveCfg = Ad-Hoc|iPhone
		{21C10F58-3BA6-464B-A101-6A5A78B01310}.Ad-Hoc|ARM.ActiveCfg = Ad-Hoc|iPhone
		{21C10F58-3BA6-464B-A101-6A5A78B01310}.Ad-Hoc|iPhone.ActiveCfg = Ad-Hoc|iPhone
		{21C10F58-3BA6-464B-A101-6A5A78B01310}.Ad-Hoc|iPhone.Build.0 = Ad-Hoc|iPhone
		{21C10F58-3BA6-464B-A101-6A5A78B01310}.Ad-Hoc|iPhoneSimulator.ActiveCfg = Ad-Hoc|iPhoneSimulator
		{21C10F58-3BA6-464B-A101-6A5A78B01310}.Ad-Hoc|iPhoneSimulator.Build.0 = Ad-Hoc|iPhoneSimulator
		{21C10F58-3BA6-464B-A101-6A5A78B01310}.Ad-Hoc|x64.ActiveCfg = Ad-Hoc|iPhone
		{21C10F58-3BA6-464B-A101-6A5A78B01310}.Ad-Hoc|x86.ActiveCfg = Ad-Hoc|iPhone
		{21C10F58-3BA6-464B-A101-6A5A78B01310}.AppStore|Any CPU.ActiveCfg = AppStore|iPhone
		{21C10F58-3BA6-464B-A101-6A5A78B01310}.AppStore|ARM.ActiveCfg = AppStore|iPhone
		{21C10F58-3BA6-464B-A101-6A5A78B01310}.AppStore|iPhone.ActiveCfg = AppStore|iPhone
		{21C10F58-3BA6-464B-A101-6A5A78B01310}.AppStore|iPhone.Build.0 = AppStore|iPhone
		{21C10F58-3BA6-464B-A101-6A5A78B01310}.AppStore|iPhoneSimulator.ActiveCfg = AppStore|iPhoneSimulator
		{21C10F58-3BA6-464B-A101-6A5A78B01310}.AppStore|iPhoneSimulator.Build.0 = AppStore|iPhoneSimulator
		{21C10F58-3BA6-464B-A101-6A5A78B01310}.AppStore|x64.ActiveCfg = AppStore|iPhone
		{21C10F58-3BA6-464B-A101-6A5A78B01310}.AppStore|x86.ActiveCfg = AppStore|iPhone
		{21C10F58-3BA6-464B-A101-6A5A78B01310}.Debug|Any CPU.ActiveCfg = Debug|iPhone
		{21C10F58-3BA6-464B-A101-6A5A78B01310}.Debug|ARM.ActiveCfg = Debug|iPhone
		{21C10F58-3BA6-464B-A101-6A5A78B01310}.Debug|iPhone.ActiveCfg = Debug|iPhone
		{21C10F58-3BA6-464B-A101-6A5A78B01310}.Debug|iPhone.Build.0 = Debug|iPhone
		{21C10F58-3BA6-464B-A101-6A5A78B01310}.Debug|iPhoneSimulator.ActiveCfg = Debug|iPhoneSimulator
		{21C10F58-3BA6-464B-A101-6A5A78B01310}.Debug|iPhoneSimulator.Build.0 = Debug|iPhoneSimulator
		{21C10F58-3BA6-464B-A101-6A5A78B01310}.Debug|x64.ActiveCfg = Debug|iPhone
		{21C10F58-3BA6-464B-A101-6A5A78B01310}.Debug|x86.ActiveCfg = Debug|iPhone
		{21C10F58-3BA6-464B-A101-6A5A78B01310}.Release|Any CPU.ActiveCfg = Release|iPhone
		{21C10F58-3BA6-464B-A101-6A5A78B01310}.Release|ARM.ActiveCfg = Release|iPhone
		{21C10F58-3BA6-464B-A101-6A5A78B01310}.Release|iPhone.ActiveCfg = Release|iPhone
		{21C10F58-3BA6-464B-A101-6A5A78B01310}.Release|iPhone.Build.0 = Release|iPhone
		{21C10F58-3BA6-464B-A101-6A5A78B01310}.Release|iPhoneSimulator.ActiveCfg = Release|iPhoneSimulator
		{21C10F58-3BA6-464B-A101-6A5A78B01310}.Release|iPhoneSimulator.Build.0 = Release|iPhoneSimulator
		{21C10F58-3BA6-464B-A101-6A5A78B01310}.Release|x64.ActiveCfg = Release|iPhone
		{21C10F58-3BA6-464B-A101-6A5A78B01310}.Release|x86.ActiveCfg = Release|iPhone
		{13953D12-C94D-49BF-B1F0-F339BB15CDFA}.Ad-Hoc|Any CPU.ActiveCfg = Release|x86
		{13953D12-C94D-49BF-B1F0-F339BB15CDFA}.Ad-Hoc|Any CPU.Build.0 = Release|x86
		{13953D12-C94D-49BF-B1F0-F339BB15CDFA}.Ad-Hoc|Any CPU.Deploy.0 = Release|x86
		{13953D12-C94D-49BF-B1F0-F339BB15CDFA}.Ad-Hoc|ARM.ActiveCfg = Release|ARM
		{13953D12-C94D-49BF-B1F0-F339BB15CDFA}.Ad-Hoc|ARM.Build.0 = Release|ARM
		{13953D12-C94D-49BF-B1F0-F339BB15CDFA}.Ad-Hoc|ARM.Deploy.0 = Release|ARM
		{13953D12-C94D-49BF-B1F0-F339BB15CDFA}.Ad-Hoc|iPhone.ActiveCfg = Release|x86
		{13953D12-C94D-49BF-B1F0-F339BB15CDFA}.Ad-Hoc|iPhone.Build.0 = Release|x86
		{13953D12-C94D-49BF-B1F0-F339BB15CDFA}.Ad-Hoc|iPhone.Deploy.0 = Release|x86
		{13953D12-C94D-49BF-B1F0-F339BB15CDFA}.Ad-Hoc|iPhoneSimulator.ActiveCfg = Release|x86
		{13953D12-C94D-49BF-B1F0-F339BB15CDFA}.Ad-Hoc|iPhoneSimulator.Build.0 = Release|x86
		{13953D12-C94D-49BF-B1F0-F339BB15CDFA}.Ad-Hoc|iPhoneSimulator.Deploy.0 = Release|x86
		{13953D12-C94D-49BF-B1F0-F339BB15CDFA}.Ad-Hoc|x64.ActiveCfg = Release|x64
		{13953D12-C94D-49BF-B1F0-F339BB15CDFA}.Ad-Hoc|x64.Build.0 = Release|x64
		{13953D12-C94D-49BF-B1F0-F339BB15CDFA}.Ad-Hoc|x64.Deploy.0 = Release|x64
		{13953D12-C94D-49BF-B1F0-F339BB15CDFA}.Ad-Hoc|x86.ActiveCfg = Release|x86
		{13953D12-C94D-49BF-B1F0-F339BB15CDFA}.Ad-Hoc|x86.Build.0 = Release|x86
		{13953D12-C94D-49BF-B1F0-F339BB15CDFA}.Ad-Hoc|x86.Deploy.0 = Release|x86
		{13953D12-C94D-49BF-B1F0-F339BB15CDFA}.AppStore|Any CPU.ActiveCfg = Release|x86
		{13953D12-C94D-49BF-B1F0-F339BB15CDFA}.AppStore|Any CPU.Build.0 = Release|x86
		{13953D12-C94D-49BF-B1F0-F339BB15CDFA}.AppStore|Any CPU.Deploy.0 = Release|x86
		{13953D12-C94D-49BF-B1F0-F339BB15CDFA}.AppStore|ARM.ActiveCfg = Release|ARM
		{13953D12-C94D-49BF-B1F0-F339BB15CDFA}.AppStore|ARM.Build.0 = Release|ARM
		{13953D12-C94D-49BF-B1F0-F339BB15CDFA}.AppStore|ARM.Deploy.0 = Release|ARM
		{13953D12-C94D-49BF-B1F0-F339BB15CDFA}.AppStore|iPhone.ActiveCfg = Release|x86
		{13953D12-C94D-49BF-B1F0-F339BB15CDFA}.AppStore|iPhone.Build.0 = Release|x86
		{13953D12-C94D-49BF-B1F0-F339BB15CDFA}.AppStore|iPhone.Deploy.0 = Release|x86
		{13953D12-C94D-49BF-B1F0-F339BB15CDFA}.AppStore|iPhoneSimulator.ActiveCfg = Release|x86
		{13953D12-C94D-49BF-B1F0-F339BB15CDFA}.AppStore|iPhoneSimulator.Build.0 = Release|x86
		{13953D12-C94D-49BF-B1F0-F339BB15CDFA}.AppStore|iPhoneSimulator.Deploy.0 = Release|x86
		{13953D12-C94D-49BF-B1F0-F339BB15CDFA}.AppStore|x64.ActiveCfg = Release|x64
		{13953D12-C94D-49BF-B1F0-F339BB15CDFA}.AppStore|x64.Build.0 = Release|x64
		{13953D12-C94D-49BF-B1F0-F339BB15CDFA}.AppStore|x64.Deploy.0 = Release|x64
		{13953D12-C94D-49BF-B1F0-F339BB15CDFA}.AppStore|x86.ActiveCfg = Release|x86
		{13953D12-C94D-49BF-B1F0-F339BB15CDFA}.AppStore|x86.Build.0 = Release|x86
		{13953D12-C94D-49BF-B1F0-F339BB15CDFA}.AppStore|x86.Deploy.0 = Release|x86
		{13953D12-C94D-49BF-B1F0-F339BB15CDFA}.Debug|Any CPU.ActiveCfg = Debug|x86
		{13953D12-C94D-49BF-B1F0-F339BB15CDFA}.Debug|ARM.ActiveCfg = Debug|ARM
		{13953D12-C94D-49BF-B1F0-F339BB15CDFA}.Debug|ARM.Build.0 = Debug|ARM
		{13953D12-C94D-49BF-B1F0-F339BB15CDFA}.Debug|ARM.Deploy.0 = Debug|ARM
		{13953D12-C94D-49BF-B1F0-F339BB15CDFA}.Debug|iPhone.ActiveCfg = Debug|x86
		{13953D12-C94D-49BF-B1F0-F339BB15CDFA}.Debug|iPhoneSimulator.ActiveCfg = Debug|x86
		{13953D12-C94D-49BF-B1F0-F339BB15CDFA}.Debug|x64.ActiveCfg = Debug|x64
		{13953D12-C94D-49BF-B1F0-F339BB15CDFA}.Debug|x64.Build.0 = Debug|x64
		{13953D12-C94D-49BF-B1F0-F339BB15CDFA}.Debug|x64.Deploy.0 = Debug|x64
		{13953D12-C94D-49BF-B1F0-F339BB15CDFA}.Debug|x86.ActiveCfg = Debug|x86
		{13953D12-C94D-49BF-B1F0-F339BB15CDFA}.Debug|x86.Build.0 = Debug|x86
		{13953D12-C94D-49BF-B1F0-F339BB15CDFA}.Debug|x86.Deploy.0 = Debug|x86
		{13953D12-C94D-49BF-B1F0-F339BB15CDFA}.Release|Any CPU.ActiveCfg = Release|x86
		{13953D12-C94D-49BF-B1F0-F339BB15CDFA}.Release|ARM.ActiveCfg = Release|ARM
		{13953D12-C94D-49BF-B1F0-F339BB15CDFA}.Release|ARM.Build.0 = Release|ARM
		{13953D12-C94D-49BF-B1F0-F339BB15CDFA}.Release|ARM.Deploy.0 = Release|ARM
		{13953D12-C94D-49BF-B1F0-F339BB15CDFA}.Release|iPhone.ActiveCfg = Release|x86
		{13953D12-C94D-49BF-B1F0-F339BB15CDFA}.Release|iPhoneSimulator.ActiveCfg = Release|x86
		{13953D12-C94D-49BF-B1F0-F339BB15CDFA}.Release|x64.ActiveCfg = Release|x64
		{13953D12-C94D-49BF-B1F0-F339BB15CDFA}.Release|x64.Build.0 = Release|x64
		{13953D12-C94D-49BF-B1F0-F339BB15CDFA}.Release|x64.Deploy.0 = Release|x64
		{13953D12-C94D-49BF-B1F0-F339BB15CDFA}.Release|x86.ActiveCfg = Release|x86
		{13953D12-C94D-49BF-B1F0-F339BB15CDFA}.Release|x86.Build.0 = Release|x86
		{13953D12-C94D-49BF-B1F0-F339BB15CDFA}.Release|x86.Deploy.0 = Release|x86
		{3098EE62-14E3-4A63-8D0E-61D2C9B41E7E}.Ad-Hoc|Any CPU.ActiveCfg = Debug|Any CPU
		{3098EE62-14E3-4A63-8D0E-61D2C9B41E7E}.Ad-Hoc|Any CPU.Build.0 = Debug|Any CPU
		{3098EE62-14E3-4A63-8D0E-61D2C9B41E7E}.Ad-Hoc|ARM.ActiveCfg = Debug|Any CPU
		{3098EE62-14E3-4A63-8D0E-61D2C9B41E7E}.Ad-Hoc|ARM.Build.0 = Debug|Any CPU
		{3098EE62-14E3-4A63-8D0E-61D2C9B41E7E}.Ad-Hoc|iPhone.ActiveCfg = Debug|Any CPU
		{3098EE62-14E3-4A63-8D0E-61D2C9B41E7E}.Ad-Hoc|iPhone.Build.0 = Debug|Any CPU
		{3098EE62-14E3-4A63-8D0E-61D2C9B41E7E}.Ad-Hoc|iPhoneSimulator.ActiveCfg = Debug|Any CPU
		{3098EE62-14E3-4A63-8D0E-61D2C9B41E7E}.Ad-Hoc|iPhoneSimulator.Build.0 = Debug|Any CPU
		{3098EE62-14E3-4A63-8D0E-61D2C9B41E7E}.Ad-Hoc|x64.ActiveCfg = Debug|Any CPU
		{3098EE62-14E3-4A63-8D0E-61D2C9B41E7E}.Ad-Hoc|x64.Build.0 = Debug|Any CPU
		{3098EE62-14E3-4A63-8D0E-61D2C9B41E7E}.Ad-Hoc|x86.ActiveCfg = Debug|Any CPU
		{3098EE62-14E3-4A63-8D0E-61D2C9B41E7E}.Ad-Hoc|x86.Build.0 = Debug|Any CPU
		{3098EE62-14E3-4A63-8D0E-61D2C9B41E7E}.AppStore|Any CPU.ActiveCfg = Debug|Any CPU
		{3098EE62-14E3-4A63-8D0E-61D2C9B41E7E}.AppStore|Any CPU.Build.0 = Debug|Any CPU
		{3098EE62-14E3-4A63-8D0E-61D2C9B41E7E}.AppStore|ARM.ActiveCfg = Debug|Any CPU
		{3098EE62-14E3-4A63-8D0E-61D2C9B41E7E}.AppStore|ARM.Build.0 = Debug|Any CPU
		{3098EE62-14E3-4A63-8D0E-61D2C9B41E7E}.AppStore|iPhone.ActiveCfg = Debug|Any CPU
		{3098EE62-14E3-4A63-8D0E-61D2C9B41E7E}.AppStore|iPhone.Build.0 = Debug|Any CPU
		{3098EE62-14E3-4A63-8D0E-61D2C9B41E7E}.AppStore|iPhoneSimulator.ActiveCfg = Debug|Any CPU
		{3098EE62-14E3-4A63-8D0E-61D2C9B41E7E}.AppStore|iPhoneSimulator.Build.0 = Debug|Any CPU
		{3098EE62-14E3-4A63-8D0E-61D2C9B41E7E}.AppStore|x64.ActiveCfg = Debug|Any CPU
		{3098EE62-14E3-4A63-8D0E-61D2C9B41E7E}.AppStore|x64.Build.0 = Debug|Any CPU
		{3098EE62-14E3-4A63-8D0E-61D2C9B41E7E}.AppStore|x86.ActiveCfg = Debug|Any CPU
		{3098EE62-14E3-4A63-8D0E-61D2C9B41E7E}.AppStore|x86.Build.0 = Debug|Any CPU
		{3098EE62-14E3-4A63-8D0E-61D2C9B41E7E}.Debug|Any CPU.ActiveCfg = Debug|Any CPU
		{3098EE62-14E3-4A63-8D0E-61D2C9B41E7E}.Debug|Any CPU.Build.0 = Debug|Any CPU
		{3098EE62-14E3-4A63-8D0E-61D2C9B41E7E}.Debug|ARM.ActiveCfg = Debug|Any CPU
		{3098EE62-14E3-4A63-8D0E-61D2C9B41E7E}.Debug|ARM.Build.0 = Debug|Any CPU
		{3098EE62-14E3-4A63-8D0E-61D2C9B41E7E}.Debug|iPhone.ActiveCfg = Debug|Any CPU
		{3098EE62-14E3-4A63-8D0E-61D2C9B41E7E}.Debug|iPhone.Build.0 = Debug|Any CPU
		{3098EE62-14E3-4A63-8D0E-61D2C9B41E7E}.Debug|iPhoneSimulator.ActiveCfg = Debug|Any CPU
		{3098EE62-14E3-4A63-8D0E-61D2C9B41E7E}.Debug|iPhoneSimulator.Build.0 = Debug|Any CPU
		{3098EE62-14E3-4A63-8D0E-61D2C9B41E7E}.Debug|x64.ActiveCfg = Debug|Any CPU
		{3098EE62-14E3-4A63-8D0E-61D2C9B41E7E}.Debug|x64.Build.0 = Debug|Any CPU
		{3098EE62-14E3-4A63-8D0E-61D2C9B41E7E}.Debug|x86.ActiveCfg = Debug|Any CPU
		{3098EE62-14E3-4A63-8D0E-61D2C9B41E7E}.Debug|x86.Build.0 = Debug|Any CPU
		{3098EE62-14E3-4A63-8D0E-61D2C9B41E7E}.Release|Any CPU.ActiveCfg = Release|Any CPU
		{3098EE62-14E3-4A63-8D0E-61D2C9B41E7E}.Release|Any CPU.Build.0 = Release|Any CPU
		{3098EE62-14E3-4A63-8D0E-61D2C9B41E7E}.Release|ARM.ActiveCfg = Release|Any CPU
		{3098EE62-14E3-4A63-8D0E-61D2C9B41E7E}.Release|ARM.Build.0 = Release|Any CPU
		{3098EE62-14E3-4A63-8D0E-61D2C9B41E7E}.Release|iPhone.ActiveCfg = Release|Any CPU
		{3098EE62-14E3-4A63-8D0E-61D2C9B41E7E}.Release|iPhone.Build.0 = Release|Any CPU
		{3098EE62-14E3-4A63-8D0E-61D2C9B41E7E}.Release|iPhoneSimulator.ActiveCfg = Release|Any CPU
		{3098EE62-14E3-4A63-8D0E-61D2C9B41E7E}.Release|iPhoneSimulator.Build.0 = Release|Any CPU
		{3098EE62-14E3-4A63-8D0E-61D2C9B41E7E}.Release|x64.ActiveCfg = Release|Any CPU
		{3098EE62-14E3-4A63-8D0E-61D2C9B41E7E}.Release|x64.Build.0 = Release|Any CPU
		{3098EE62-14E3-4A63-8D0E-61D2C9B41E7E}.Release|x86.ActiveCfg = Release|Any CPU
		{3098EE62-14E3-4A63-8D0E-61D2C9B41E7E}.Release|x86.Build.0 = Release|Any CPU
	EndGlobalSection
	GlobalSection(SolutionProperties) = preSolution
		HideSolutionNode = FALSE
	EndGlobalSection
	GlobalSection(ExtensibilityGlobals) = postSolution
		SolutionGuid = {F3DBFA77-A6DB-413C-B7F4-9864249EA370}
	EndGlobalSection
EndGlobal
